
Microsoft Visual Studio Solution File, Format Version 12.00
# Visual Studio 2012
Project("{FAE04EC0-301F-11D3-BF4B-00C04F79EFBC}") = "Tester_lnuidnet", "Tester_lnuidnet.csproj", "{8E9FB2A0-9733-47C4-A1AF-A5F28082FD4B}"
EndProject
Global
	GlobalSection(SolutionConfigurationPlatforms) = preSolution
		Debug|Any CPU = Debug|Any CPU
		Release|Any CPU = Release|Any CPU
	EndGlobalSection
	GlobalSection(ProjectConfigurationPlatforms) = postSolution
		{8E9FB2A0-9733-47C4-A1AF-A5F28082FD4B}.Debug|Any CPU.ActiveCfg = Debug|Any CPU
		{8E9FB2A0-9733-47C4-A1AF-A5F28082FD4B}.Debug|Any CPU.Build.0 = Debug|Any CPU
		{8E9FB2A0-9733-47C4-A1AF-A5F28082FD4B}.Release|Any CPU.ActiveCfg = Release|Any CPU
		{8E9FB2A0-9733-47C4-A1AF-A5F28082FD4B}.Release|Any CPU.Build.0 = Release|Any CPU
	EndGlobalSection
	GlobalSection(SolutionProperties) = preSolution
		HideSolutionNode = FALSE
	EndGlobalSection
EndGlobal
